
Microsoft Visual Studio Solution File, Format Version 12.00
# Visual Studio Version 17
VisualStudioVersion = 17.11.35327.3
MinimumVisualStudioVersion = 10.0.40219.1
Project("{FAE04EC0-301F-11D3-BF4B-00C04F79EFBC}") = "WebApiCantina.Api", "WebApiCantina\WebApiCantina.Api.csproj", "{A11E1DDB-372A-47D4-BBC0-6A6A5CFF7A68}"
EndProject
Project("{FAE04EC0-301F-11D3-BF4B-00C04F79EFBC}") = "WebApiCantina.Data", "WebApiCantina.Data\WebApiCantina.Data.csproj", "{6C2B4E4E-B0D1-41AC-A58A-143DEB33BF7C}"
EndProject
Project("{FAE04EC0-301F-11D3-BF4B-00C04F79EFBC}") = "WebApiCantina.Application", "WebApiCantina.Application\WebApiCantina.Application.csproj", "{43FFE0E7-91AA-4BFD-A600-CBB19C7C9CA4}"
EndProject
Project("{FAE04EC0-301F-11D3-BF4B-00C04F79EFBC}") = "WebApiCantina.Domain", "WebApiCantina.Domain\WebApiCantina.Domain.csproj", "{CBE4106C-EB4C-44B7-9883-DBA90F09683A}"
EndProject
Project("{FAE04EC0-301F-11D3-BF4B-00C04F79EFBC}") = "WebApiCantina.Shared", "WebApiCantina.Shared\WebApiCantina.Shared.csproj", "{996F7846-2DE4-4C7D-8240-8BCDF76AA822}"
EndProject
Global
	GlobalSection(SolutionConfigurationPlatforms) = preSolution
		Debug|Any CPU = Debug|Any CPU
		Release|Any CPU = Release|Any CPU
	EndGlobalSection
	GlobalSection(ProjectConfigurationPlatforms) = postSolution
		{A11E1DDB-372A-47D4-BBC0-6A6A5CFF7A68}.Debug|Any CPU.ActiveCfg = Debug|Any CPU
		{A11E1DDB-372A-47D4-BBC0-6A6A5CFF7A68}.Debug|Any CPU.Build.0 = Debug|Any CPU
		{A11E1DDB-372A-47D4-BBC0-6A6A5CFF7A68}.Release|Any CPU.ActiveCfg = Release|Any CPU
		{A11E1DDB-372A-47D4-BBC0-6A6A5CFF7A68}.Release|Any CPU.Build.0 = Release|Any CPU
		{6C2B4E4E-B0D1-41AC-A58A-143DEB33BF7C}.Debug|Any CPU.ActiveCfg = Debug|Any CPU
		{6C2B4E4E-B0D1-41AC-A58A-143DEB33BF7C}.Debug|Any CPU.Build.0 = Debug|Any CPU
		{6C2B4E4E-B0D1-41AC-A58A-143DEB33BF7C}.Release|Any CPU.ActiveCfg = Release|Any CPU
		{6C2B4E4E-B0D1-41AC-A58A-143DEB33BF7C}.Release|Any CPU.Build.0 = Release|Any CPU
		{43FFE0E7-91AA-4BFD-A600-CBB19C7C9CA4}.Debug|Any CPU.ActiveCfg = Debug|Any CPU
		{43FFE0E7-91AA-4BFD-A600-CBB19C7C9CA4}.Debug|Any CPU.Build.0 = Debug|Any CPU
		{43FFE0E7-91AA-4BFD-A600-CBB19C7C9CA4}.Release|Any CPU.ActiveCfg = Release|Any CPU
		{43FFE0E7-91AA-4BFD-A600-CBB19C7C9CA4}.Release|Any CPU.Build.0 = Release|Any CPU
		{CBE4106C-EB4C-44B7-9883-DBA90F09683A}.Debug|Any CPU.ActiveCfg = Debug|Any CPU
		{CBE4106C-EB4C-44B7-9883-DBA90F09683A}.Debug|Any CPU.Build.0 = Debug|Any CPU
		{CBE4106C-EB4C-44B7-9883-DBA90F09683A}.Release|Any CPU.ActiveCfg = Release|Any CPU
		{CBE4106C-EB4C-44B7-9883-DBA90F09683A}.Release|Any CPU.Build.0 = Release|Any CPU
		{996F7846-2DE4-4C7D-8240-8BCDF76AA822}.Debug|Any CPU.ActiveCfg = Debug|Any CPU
		{996F7846-2DE4-4C7D-8240-8BCDF76AA822}.Debug|Any CPU.Build.0 = Debug|Any CPU
		{996F7846-2DE4-4C7D-8240-8BCDF76AA822}.Release|Any CPU.ActiveCfg = Release|Any CPU
		{996F7846-2DE4-4C7D-8240-8BCDF76AA822}.Release|Any CPU.Build.0 = Release|Any CPU
	EndGlobalSection
	GlobalSection(SolutionProperties) = preSolution
		HideSolutionNode = FALSE
	EndGlobalSection
	GlobalSection(ExtensibilityGlobals) = postSolution
		SolutionGuid = {7B5A8E5C-04E6-4B77-B812-8C24F21CC93D}
	EndGlobalSection
EndGlobal
